
Microsoft Visual Studio Solution File, Format Version 12.00
Project("{FAE04EC0-301F-11D3-BF4B-00C04F79EFBC}") = "CMAPI", "CMAPI\CMAPI.csproj", "{9726BA10-9A91-47BD-8670-0BA8EAB6522F}"
EndProject
Global
	GlobalSection(SolutionConfigurationPlatforms) = preSolution
		Debug|Any CPU = Debug|Any CPU
		Release|Any CPU = Release|Any CPU
	EndGlobalSection
	GlobalSection(ProjectConfigurationPlatforms) = postSolution
		{9726BA10-9A91-47BD-8670-0BA8EAB6522F}.Debug|Any CPU.ActiveCfg = Debug|Any CPU
		{9726BA10-9A91-47BD-8670-0BA8EAB6522F}.Debug|Any CPU.Build.0 = Debug|Any CPU
		{9726BA10-9A91-47BD-8670-0BA8EAB6522F}.Release|Any CPU.ActiveCfg = Release|Any CPU
		{9726BA10-9A91-47BD-8670-0BA8EAB6522F}.Release|Any CPU.Build.0 = Release|Any CPU
	EndGlobalSection
EndGlobal
